
Microsoft Visual Studio Solution File, Format Version 12.00
# Visual Studio Version 16
VisualStudioVersion = 16.0.28803.202
MinimumVisualStudioVersion = 10.0.40219.1
Project("{FAE04EC0-301F-11D3-BF4B-00C04F79EFBC}") = "Performance", "Performance\Performance.csproj", "{4E1AF2A0-E78F-4AB3-B69E-5DF40EFD9541}"
EndProject
Project("{FAE04EC0-301F-11D3-BF4B-00C04F79EFBC}") = "AnnoDesigner.Core", "AnnoDesigner.Core\AnnoDesigner.Core.csproj", "{C73FBFF0-1A11-40FC-8F1F-29637699419A}"
EndProject
Global
	GlobalSection(SolutionConfigurationPlatforms) = preSolution
		Debug|Any CPU = Debug|Any CPU
		Release|Any CPU = Release|Any CPU
	EndGlobalSection
	GlobalSection(ProjectConfigurationPlatforms) = postSolution
		{4E1AF2A0-E78F-4AB3-B69E-5DF40EFD9541}.Debug|Any CPU.ActiveCfg = Debug|Any CPU
		{4E1AF2A0-E78F-4AB3-B69E-5DF40EFD9541}.Debug|Any CPU.Build.0 = Debug|Any CPU
		{4E1AF2A0-E78F-4AB3-B69E-5DF40EFD9541}.Release|Any CPU.ActiveCfg = Release|Any CPU
		{4E1AF2A0-E78F-4AB3-B69E-5DF40EFD9541}.Release|Any CPU.Build.0 = Release|Any CPU
		{C73FBFF0-1A11-40FC-8F1F-29637699419A}.Debug|Any CPU.ActiveCfg = Debug|Any CPU
		{C73FBFF0-1A11-40FC-8F1F-29637699419A}.Debug|Any CPU.Build.0 = Debug|Any CPU
		{C73FBFF0-1A11-40FC-8F1F-29637699419A}.Release|Any CPU.ActiveCfg = Release|Any CPU
		{C73FBFF0-1A11-40FC-8F1F-29637699419A}.Release|Any CPU.Build.0 = Release|Any CPU
	EndGlobalSection
	GlobalSection(SolutionProperties) = preSolution
		HideSolutionNode = FALSE
	EndGlobalSection
	GlobalSection(ExtensibilityGlobals) = postSolution
		SolutionGuid = {39A81E7F-D35A-4B00-94CC-1D29CF9A80E6}
	EndGlobalSection
EndGlobal
